{
  "requires": true,
  "lockfileVersion": 1,
  "dependencies": {
    "@progress/kendo-base-components-vue-wrapper": {
      "version": "2018.3.1025",
      "resolved": "https://registry.npmjs.org/@progress/kendo-base-components-vue-wrapper/-/kendo-base-components-vue-wrapper-2018.3.1025.tgz",
      "integrity": "sha512-UlmfSpplyS94rKlETgfbMD0Bzu8YeAPVrWqsxgOC9+yvLwyRb4P8dTbkltjqYRdul1jMUiXaHCVlaLw1sRyEIQ=="
    },
    "@progress/kendo-theme-default": {
      "version": "2.62.0",
      "resolved": "https://registry.npmjs.org/@progress/kendo-theme-default/-/kendo-theme-default-2.62.0.tgz",
      "integrity": "sha512-FZF6WhrsS1LzO+um0ABsaxTjLYVXebI8BmHtMvL7SLJPG/p9EQ1xN4Z73urzAWTVBRGplaCA8qv2pEEnzNeMYw=="
    },
    "jquery": {
      "version": "3.3.1",
      "resolved": "https://registry.npmjs.org/jquery/-/jquery-3.3.1.tgz",
      "integrity": "sha512-Ubldcmxp5np52/ENotGxlLe6aGMvmF4R8S6tZjsP6Knsaxd/xp3Zrh50cG93lR6nPXyUFwzN3ZSOQI0wRJNdGg=="
    }
  }
}
